// !$*UTF8*$!
{
	archiveVersion = 1;
	classes = {
	};
	objectVersion = 50;
	objects = {

/* Begin PBXBuildFile section */
		76F4D97724CFCB0300659240 /* AppDelegate.swift in Sources */ = {isa = PBXBuildFile; fileRef = 76F4D97624CFCB0300659240 /* AppDelegate.swift */; };
		76F4D97924CFCB0300659240 /* SceneDelegate.swift in Sources */ = {isa = PBXBuildFile; fileRef = 76F4D97824CFCB0300659240 /* SceneDelegate.swift */; };
		76F4D97B24CFCB0300659240 /* ViewController.swift in Sources */ = {isa = PBXBuildFile; fileRef = 76F4D97A24CFCB0300659240 /* ViewController.swift */; };
		76F4D97E24CFCB0300659240 /* Main.storyboard in Resources */ = {isa = PBXBuildFile; fileRef = 76F4D97C24CFCB0300659240 /* Main.storyboard */; };
		76F4D98024CFCB0400659240 /* Assets.xcassets in Resources */ = {isa = PBXBuildFile; fileRef = 76F4D97F24CFCB0400659240 /* Assets.xcassets */; };
		76F4D98324CFCB0400659240 /* LaunchScreen.storyboard in Resources */ = {isa = PBXBuildFile; fileRef = 76F4D98124CFCB0400659240 /* LaunchScreen.storyboard */; };
		76F4D98B24CFD19200659240 /* MainViewController.swift in Sources */ = {isa = PBXBuildFile; fileRef = 76F4D98A24CFD19200659240 /* MainViewController.swift */; };
/* End PBXBuildFile section */

/* Begin PBXFileReference section */
		76F4D97324CFCB0300659240 /* WebApp-AirPrint.app */ = {isa = PBXFileReference; explicitFileType = wrapper.application; includeInIndex = 0; path = "WebApp-AirPrint.app"; sourceTree = BUILT_PRODUCTS_DIR; };
		76F4D97624CFCB0300659240 /* AppDelegate.swift */ = {isa = PBXFileReference; lastKnownFileType = sourcecode.swift; path = AppDelegate.swift; sourceTree = "<group>"; };
		76F4D97824CFCB0300659240 /* SceneDelegate.swift */ = {isa = PBXFileReference; lastKnownFileType = sourcecode.swift; path = SceneDelegate.swift; sourceTree = "<group>"; };
		76F4D97A24CFCB0300659240 /* ViewController.swift */ = {isa = PBXFileReference; lastKnownFileType = sourcecode.swift; path = ViewController.swift; sourceTree = "<group>"; };
		76F4D97D24CFCB0300659240 /* Base */ = {isa = PBXFileReference; lastKnownFileType = file.storyboard; name = Base; path = Base.lproj/Main.storyboard; sourceTree = "<group>"; };
		76F4D97F24CFCB0400659240 /* Assets.xcassets */ = {isa = PBXFileReference; lastKnownFileType = folder.assetcatalog; path = Assets.xcassets; sourceTree = "<group>"; };
		76F4D98224CFCB0400659240 /* Base */ = {isa = PBXFileReference; lastKnownFileType = file.storyboard; name = Base; path = Base.lproj/LaunchScreen.storyboard; sourceTree = "<group>"; };
		76F4D98424CFCB0400659240 /* Info.plist */ = {isa = PBXFileReference; lastKnownFileType = text.plist.xml; path = Info.plist; sourceTree = "<group>"; };
		76F4D98A24CFD19200659240 /* MainViewController.swift */ = {isa = PBXFileReference; lastKnownFileType = sourcecode.swift; path = MainViewController.swift; sourceTree = "<group>"; };
/* End PBXFileReference section */

/* Begin PBXFrameworksBuildPhase section */
		76F4D97024CFCB0300659240 /* Frameworks */ = {
			isa = PBXFrameworksBuildPhase;
			buildActionMask = 2147483647;
			files = (
			);
			runOnlyForDeploymentPostprocessing = 0;
		};
/* End PBXFrameworksBuildPhase section */

/* Begin PBXGroup section */
		76F4D96A24CFCB0300659240 = {
			isa = PBXGroup;
			children = (
				76F4D97524CFCB0300659240 /* WebApp-AirPrint */,
				76F4D97424CFCB0300659240 /* Products */,
			);
			sourceTree = "<group>";
		};
		76F4D97424CFCB0300659240 /* Products */ = {
			isa = PBXGroup;
			children = (
				76F4D97324CFCB0300659240 /* WebApp-AirPrint.app */,
			);
			name = Products;
			sourceTree = "<group>";
		};
		76F4D97524CFCB0300659240 /* WebApp-AirPrint */ = {
			isa = PBXGroup;
			children = (
				76F4D97624CFCB0300659240 /* AppDelegate.swift */,
				76F4D97824CFCB0300659240 /* SceneDelegate.swift */,
				76F4D98A24CFD19200659240 /* MainViewController.swift */,
				76F4D97A24CFCB0300659240 /* ViewController.swift */,
				76F4D97C24CFCB0300659240 /* Main.storyboard */,
				76F4D97F24CFCB0400659240 /* Assets.xcassets */,
				76F4D98124CFCB0400659240 /* LaunchScreen.storyboard */,
				76F4D98424CFCB0400659240 /* Info.plist */,
			);
			path = "WebApp-AirPrint";
			sourceTree = "<group>";
		};
/* End PBXGroup section */

/* Begin PBXNativeTarget section */
		76F4D97224CFCB0300659240 /* WebApp-AirPrint */ = {
			isa = PBXNativeTarget;
			buildConfigurationList = 76F4D98724CFCB0400659240 /* Build configuration list for PBXNativeTarget "WebApp-AirPrint" */;
			buildPhases = (
				76F4D96F24CFCB0300659240 /* Sources */,
				76F4D97024CFCB0300659240 /* Frameworks */,
				76F4D97124CFCB0300659240 /* Resources */,
			);
			buildRules = (
			);
			dependencies = (
			);
			name = "WebApp-AirPrint";
			productName = "WebApp-AirPrint";
			productReference = 76F4D97324CFCB0300659240 /* WebApp-AirPrint.app */;
			productType = "com.apple.product-type.application";
		};
/* End PBXNativeTarget section */

/* Begin PBXProject section */
		76F4D96B24CFCB0300659240 /* Project object */ = {
			isa = PBXProject;
			attributes = {
				LastSwiftUpdateCheck = 1160;
				LastUpgradeCheck = 1160;
				ORGANIZATIONNAME = "Gogain Chin";
				TargetAttributes = {
					76F4D97224CFCB0300659240 = {
						CreatedOnToolsVersion = 11.6;
					};
				};
			};
			buildConfigurationList = 76F4D96E24CFCB0300659240 /* Build configuration list for PBXProject "WebApp-AirPrint" */;
			compatibilityVersion = "Xcode 9.3";
			developmentRegion = en;
			hasScannedForEncodings = 0;
			knownRegions = (
				en,
				Base,
			);
			mainGroup = 76F4D96A24CFCB0300659240;
			productRefGroup = 76F4D97424CFCB0300659240 /* Products */;
			projectDirPath = "";
			projectRoot = "";
			targets = (
				76F4D97224CFCB0300659240 /* WebApp-AirPrint */,
			);
		};
/* End PBXProject section */

/* Begin PBXResourcesBuildPhase section */
		76F4D97124CFCB0300659240 /* Resources */ = {
			isa = PBXResourcesBuildPhase;
			buildActionMask = 2147483647;
			files = (
				76F4D98324CFCB0400659240 /* LaunchScreen.storyboard in Resources */,
				76F4D98024CFCB0400659240 /* Assets.xcassets in Resources */,
				76F4D97E24CFCB0300659240 /* Main.storyboard in Resources */,
			);
			runOnlyForDeploymentPostprocessing = 0;
		};
/* End PBXResourcesBuildPhase section */

/* Begin PBXSourcesBuildPhase section */
		76F4D96F24CFCB0300659240 /* Sources */ = {
			isa = PBXSourcesBuildPhase;
			buildActionMask = 2147483647;
			files = (
				76F4D97B24CFCB0300659240 /* ViewController.swift in Sources */,
				76F4D97724CFCB0300659240 /* AppDelegate.swift in Sources */,
				76F4D97924CFCB0300659240 /* SceneDelegate.swift in Sources */,
				76F4D98B24CFD19200659240 /* MainViewController.swift in Sources */,
			);
			runOnlyForDeploymentPostprocessing = 0;
		};
/* End PBXSourcesBuildPhase section */

/* Begin PBXVariantGroup section */
		76F4D97C24CFCB0300659240 /* Main.storyboard */ = {
			isa = PBXVariantGroup;
			children = (
				76F4D97D24CFCB0300659240 /* Base */,
			);
			name = Main.storyboard;
			sourceTree = "<group>";
		};
		76F4D98124CFCB0400659240 /* LaunchScreen.storyboard */ = {
			isa = PBXVariantGroup;
			children = (
				76F4D98224CFCB0400659240 /* Base */,
			);
			name = LaunchScreen.storyboard;
			sourceTree = "<group>";
		};
/* End PBXVariantGroup section */

/* Begin XCBuildConfiguration section */
		76F4D98524CFCB0400659240 /* Debug */ = {
			isa = XCBuildConfiguration;
			buildSettings = {
				ALWAYS_SEARCH_USER_PATHS = NO;
				CLANG_ANALYZER_NONNULL = YES;
				CLANG_ANALYZER_NUMBER_OBJECT_CONVERSION = YES_AGGRESSIVE;
				CLANG_CXX_LANGUAGE_STANDARD = "gnu++14";
				CLANG_CXX_LIBRARY = "libc++";
				CLANG_ENABLE_MODULES = YES;
				CLANG_ENABLE_OBJC_ARC = YES;
				CLANG_ENABLE_OBJC_WEAK = YES;
				CLANG_WARN_BLOCK_CAPTURE_AUTORELEASING = YES;
				CLANG_WARN_BOOL_CONVERSION = YES;
				CLANG_WARN_COMMA = YES;
				CLANG_WARN_CONSTANT_CONVERSION = YES;
				CLANG_WARN_DEPRECATED_OBJC_IMPLEMENTATIONS = YES;
				CLANG_WARN_DIRECT_OBJC_ISA_USAGE = YES_ERROR;
				CLANG_WARN_DOCUMENTATION_COMMENTS = YES;
				CLANG_WARN_EMPTY_BODY = YES;
				CLANG_WARN_ENUM_CONVERSION = YES;
				CLANG_WARN_INFINITE_RECURSION = YES;
				CLANG_WARN_INT_CONVERSION = YES;
				CLANG_WARN_NON_LITERAL_NULL_CONVERSION = YES;
				CLANG_WARN_OBJC_IMPLICIT_RETAIN_SELF = YES;
				CLANG_WARN_OBJC_LITERAL_CONVERSION = YES;
				CLANG_WARN_OBJC_ROOT_CLASS = YES_ERROR;
				CLANG_WARN_RANGE_LOOP_ANALYSIS = YES;
				CLANG_WARN_STRICT_PROTOTYPES = YES;
				CLANG_WARN_SUSPICIOUS_MOVE = YES;
				CLANG_WARN_UNGUARDED_AVAILABILITY = YES_AGGRESSIVE;
				CLANG_WARN_UNREACHABLE_CODE = YES;
				CLANG_WARN__DUPLICATE_METHOD_MATCH = YES;
				COPY_PHASE_STRIP = NO;
				DEBUG_INFORMATION_FORMAT = dwarf;
				ENABLE_STRICT_OBJC_MSGSEND = YES;
				ENABLE_TESTABILITY = YES;
				GCC_C_LANGUAGE_STANDARD = gnu11;
				GCC_DYNAMIC_NO_PIC = NO;
				GCC_NO_COMMON_BLOCKS = YES;
				GCC_OPTIMIZATION_LEVEL = 0;
				GCC_PREPROCESSOR_DEFINITIONS = (
					"DEBUG=1",
					"$(inherited)",
				);
				GCC_WARN_64_TO_32_BIT_CONVERSION = YES;
				GCC_WARN_ABOUT_RETURN_TYPE = YES_ERROR;
				GCC_WARN_UNDECLARED_SELECTOR = YES;
				GCC_WARN_UNINITIALIZED_AUTOS = YES_AGGRESSIVE;
				GCC_WARN_UNUSED_FUNCTION = YES;
				GCC_WARN_UNUSED_VARIABLE = YES;
				IPHONEOS_DEPLOYMENT_TARGET = 13.6;
				MTL_ENABLE_DEBUG_INFO = INCLUDE_SOURCE;
				MTL_FAST_MATH = YES;
				ONLY_ACTIVE_ARCH = YES;
				SDKROOT = iphoneos;
				SWIFT_ACTIVE_COMPILATION_CONDITIONS = DEBUG;
				SWIFT_OPTIMIZATION_LEVEL = "-Onone";
			};
			name = Debug;
		};
		76F4D98624CFCB0400659240 /* Release */ = {
			isa = XCBuildConfiguration;
			buildSettings = {
				ALWAYS_SEARCH_USER_PATHS = NO;
				CLANG_ANALYZER_NONNULL = YES;
				CLANG_ANALYZER_NUMBER_OBJECT_CONVERSION = YES_AGGRESSIVE;
				CLANG_CXX_LANGUAGE_STANDARD = "gnu++14";
				CLANG_CXX_LIBRARY = "libc++";
				CLANG_ENABLE_MODULES = YES;
				CLANG_ENABLE_OBJC_ARC = YES;
				CLANG_ENABLE_OBJC_WEAK = YES;
				CLANG_WARN_BLOCK_CAPTURE_AUTORELEASING = YES;
				CLANG_WARN_BOOL_CONVERSION = YES;
				CLANG_WARN_COMMA = YES;
				CLANG_WARN_CONSTANT_CONVERSION = YES;
				CLANG_WARN_DEPRECATED_OBJC_IMPLEMENTATIONS = YES;
				CLANG_WARN_DIRECT_OBJC_ISA_USAGE = YES_ERROR;
				CLANG_WARN_DOCUMENTATION_COMMENTS = YES;
				CLANG_WARN_EMPTY_BODY = YES;
				CLANG_WARN_ENUM_CONVERSION = YES;
				CLANG_WARN_INFINITE_RECURSION = YES;
				CLANG_WARN_INT_CONVERSION = YES;
				CLANG_WARN_NON_LITERAL_NULL_CONVERSION = YES;
				CLANG_WARN_OBJC_IMPLICIT_RETAIN_SELF = YES;
				CLANG_WARN_OBJC_LITERAL_CONVERSION = YES;
				CLANG_WARN_OBJC_ROOT_CLASS = YES_ERROR;
				CLANG_WARN_RANGE_LOOP_ANALYSIS = YES;
				CLANG_WARN_STRICT_PROTOTYPES = YES;
				CLANG_WARN_SUSPICIOUS_MOVE = YES;
				CLANG_WARN_UNGUARDED_AVAILABILITY = YES_AGGRESSIVE;
				CLANG_WARN_UNREACHABLE_CODE = YES;
				CLANG_WARN__DUPLICATE_METHOD_MATCH = YES;
				COPY_PHASE_STRIP = NO;
				DEBUG_INFORMATION_FORMAT = "dwarf-with-dsym";
				ENABLE_NS_ASSERTIONS = NO;
				ENABLE_STRICT_OBJC_MSGSEND = YES;
				GCC_C_LANGUAGE_STANDARD = gnu11;
				GCC_NO_COMMON_BLOCKS = YES;
				GCC_WARN_64_TO_32_BIT_CONVERSION = YES;
				GCC_WARN_ABOUT_RETURN_TYPE = YES_ERROR;
				GCC_WARN_UNDECLARED_SELECTOR = YES;
				GCC_WARN_UNINITIALIZED_AUTOS = YES_AGGRESSIVE;
				GCC_WARN_UNUSED_FUNCTION = YES;
				GCC_WARN_UNUSED_VARIABLE = YES;
				IPHONEOS_DEPLOYMENT_TARGET = 13.6;
				MTL_ENABLE_DEBUG_INFO = NO;
				MTL_FAST_MATH = YES;
				SDKROOT = iphoneos;
				SWIFT_COMPILATION_MODE = wholemodule;
				SWIFT_OPTIMIZATION_LEVEL = "-O";
				VALIDATE_PRODUCT = YES;
			};
			name = Release;
		};
		76F4D98824CFCB0400659240 /* Debug */ = {
			isa = XCBuildConfiguration;
			buildSettings = {
				ASSETCATALOG_COMPILER_APPICON_NAME = AppIcon;
				CODE_SIGN_STYLE = Automatic;
				DEVELOPMENT_TEAM = T3KFBMYXUK;
				INFOPLIST_FILE = "WebApp-AirPrint/Info.plist";
				LD_RUNPATH_SEARCH_PATHS = (
					"$(inherited)",
					"@executable_path/Frameworks",
				);
				PRODUCT_BUNDLE_IDENTIFIER = "gogain.WebApp-AirPrint";
				PRODUCT_NAME = "$(TARGET_NAME)";
				SWIFT_VERSION = 5.0;
				TARGETED_DEVICE_FAMILY = "1,2";
			};
			name = Debug;
		};
		76F4D98924CFCB0400659240 /* Release */ = {
			isa = XCBuildConfiguration;
			buildSettings = {
				ASSETCATALOG_COMPILER_APPICON_NAME = AppIcon;
				CODE_SIGN_STYLE = Automatic;
				DEVELOPMENT_TEAM = T3KFBMYXUK;
				INFOPLIST_FILE = "WebApp-AirPrint/Info.plist";
				LD_RUNPATH_SEARCH_PATHS = (
					"$(inherited)",
					"@executable_path/Frameworks",
				);
				PRODUCT_BUNDLE_IDENTIFIER = "gogain.WebApp-AirPrint";
				PRODUCT_NAME = "$(TARGET_NAME)";
				SWIFT_VERSION = 5.0;
				TARGETED_DEVICE_FAMILY = "1,2";
			};
			name = Release;
		};
/* End XCBuildConfiguration section */

/* Begin XCConfigurationList section */
		76F4D96E24CFCB0300659240 /* Build configuration list for PBXProject "WebApp-AirPrint" */ = {
			isa = XCConfigurationList;
			buildConfigurations = (
				76F4D98524CFCB0400659240 /* Debug */,
				76F4D98624CFCB0400659240 /* Release */,
			);
			defaultConfigurationIsVisible = 0;
			defaultConfigurationName = Release;
		};
		76F4D98724CFCB0400659240 /* Build configuration list for PBXNativeTarget "WebApp-AirPrint" */ = {
			isa = XCConfigurationList;
			buildConfigurations = (
				76F4D98824CFCB0400659240 /* Debug */,
				76F4D98924CFCB0400659240 /* Release */,
			);
			defaultConfigurationIsVisible = 0;
			defaultConfigurationName = Release;
		};
/* End XCConfigurationList section */
	};
	rootObject = 76F4D96B24CFCB0300659240 /* Project object */;
}
